
Microsoft Visual Studio Solution File, Format Version 12.00
# Visual Studio 14
VisualStudioVersion = 14.0.23107.0
MinimumVisualStudioVersion = 10.0.40219.1
Project("{FAE04EC0-301F-11D3-BF4B-00C04F79EFBC}") = "Konnie.Application", "Konnie.Application\Konnie.Application.csproj", "{C9205F3F-99AF-480D-9DB3-0A4096DC3A79}"
EndProject
Project("{FAE04EC0-301F-11D3-BF4B-00C04F79EFBC}") = "Konnie.Tests", "Konnie.Tests\Konnie.Tests.csproj", "{BAF749B6-F43E-40FD-8355-CA21F571D7BF}"
EndProject
Project("{FAE04EC0-301F-11D3-BF4B-00C04F79EFBC}") = "Konnie", "Konnie\Konnie.csproj", "{FC256C12-228B-4252-B696-CEFF34187855}"
EndProject
Project("{FAE04EC0-301F-11D3-BF4B-00C04F79EFBC}") = "Konnie.Web", "Konnie.Web\Konnie.Web.csproj", "{D186D3F6-E757-4106-9C93-4A29A20F8160}"
EndProject
Global
	GlobalSection(SolutionConfigurationPlatforms) = preSolution
		Debug|Any CPU = Debug|Any CPU
		Release|Any CPU = Release|Any CPU
	EndGlobalSection
	GlobalSection(ProjectConfigurationPlatforms) = postSolution
		{C9205F3F-99AF-480D-9DB3-0A4096DC3A79}.Debug|Any CPU.ActiveCfg = Debug|Any CPU
		{C9205F3F-99AF-480D-9DB3-0A4096DC3A79}.Debug|Any CPU.Build.0 = Debug|Any CPU
		{C9205F3F-99AF-480D-9DB3-0A4096DC3A79}.Release|Any CPU.ActiveCfg = Release|Any CPU
		{C9205F3F-99AF-480D-9DB3-0A4096DC3A79}.Release|Any CPU.Build.0 = Release|Any CPU
		{BAF749B6-F43E-40FD-8355-CA21F571D7BF}.Debug|Any CPU.ActiveCfg = Debug|Any CPU
		{BAF749B6-F43E-40FD-8355-CA21F571D7BF}.Debug|Any CPU.Build.0 = Debug|Any CPU
		{BAF749B6-F43E-40FD-8355-CA21F571D7BF}.Release|Any CPU.ActiveCfg = Release|Any CPU
		{BAF749B6-F43E-40FD-8355-CA21F571D7BF}.Release|Any CPU.Build.0 = Release|Any CPU
		{FC256C12-228B-4252-B696-CEFF34187855}.Debug|Any CPU.ActiveCfg = Debug|Any CPU
		{FC256C12-228B-4252-B696-CEFF34187855}.Debug|Any CPU.Build.0 = Debug|Any CPU
		{FC256C12-228B-4252-B696-CEFF34187855}.Release|Any CPU.ActiveCfg = Release|Any CPU
		{FC256C12-228B-4252-B696-CEFF34187855}.Release|Any CPU.Build.0 = Release|Any CPU
		{D186D3F6-E757-4106-9C93-4A29A20F8160}.Debug|Any CPU.ActiveCfg = Debug|Any CPU
		{D186D3F6-E757-4106-9C93-4A29A20F8160}.Debug|Any CPU.Build.0 = Debug|Any CPU
		{D186D3F6-E757-4106-9C93-4A29A20F8160}.Release|Any CPU.ActiveCfg = Release|Any CPU
		{D186D3F6-E757-4106-9C93-4A29A20F8160}.Release|Any CPU.Build.0 = Release|Any CPU
	EndGlobalSection
	GlobalSection(SolutionProperties) = preSolution
		HideSolutionNode = FALSE
	EndGlobalSection
EndGlobal
